
Microsoft Visual Studio Solution File, Format Version 12.00
# Visual Studio Version 16
VisualStudioVersion = 16.0.30002.166
MinimumVisualStudioVersion = 10.0.40219.1
Project("{FAE04EC0-301F-11D3-BF4B-00C04F79EFBC}") = "ScaffoldingAndGrpc", "ScaffoldingAndGrpc\ScaffoldingAndGrpc.csproj", "{00A394F6-06BA-4BDD-BDBD-2E81813543DA}"
EndProject
Global
	GlobalSection(SolutionConfigurationPlatforms) = preSolution
		Debug|Any CPU = Debug|Any CPU
		Release|Any CPU = Release|Any CPU
	EndGlobalSection
	GlobalSection(ProjectConfigurationPlatforms) = postSolution
		{00A394F6-06BA-4BDD-BDBD-2E81813543DA}.Debug|Any CPU.ActiveCfg = Debug|Any CPU
		{00A394F6-06BA-4BDD-BDBD-2E81813543DA}.Debug|Any CPU.Build.0 = Debug|Any CPU
		{00A394F6-06BA-4BDD-BDBD-2E81813543DA}.Release|Any CPU.ActiveCfg = Release|Any CPU
		{00A394F6-06BA-4BDD-BDBD-2E81813543DA}.Release|Any CPU.Build.0 = Release|Any CPU
	EndGlobalSection
	GlobalSection(SolutionProperties) = preSolution
		HideSolutionNode = FALSE
	EndGlobalSection
	GlobalSection(ExtensibilityGlobals) = postSolution
		SolutionGuid = {05336285-4EB7-45B8-A1A4-4B658F1D6299}
	EndGlobalSection
EndGlobal
